
Microsoft Visual Studio Solution File, Format Version 12.00
# Visual Studio Version 16
VisualStudioVersion = 16.0.30413.136
MinimumVisualStudioVersion = 10.0.40219.1
Project("{FAE04EC0-301F-11D3-BF4B-00C04F79EFBC}") = "Lab10", "Lab10.csproj", "{32DEEFC7-662A-4DA7-97EB-56A17F99453C}"
EndProject
Global
	GlobalSection(SolutionConfigurationPlatforms) = preSolution
		Debug|Any CPU = Debug|Any CPU
		Release|Any CPU = Release|Any CPU
	EndGlobalSection
	GlobalSection(ProjectConfigurationPlatforms) = postSolution
		{32DEEFC7-662A-4DA7-97EB-56A17F99453C}.Debug|Any CPU.ActiveCfg = Debug|Any CPU
		{32DEEFC7-662A-4DA7-97EB-56A17F99453C}.Debug|Any CPU.Build.0 = Debug|Any CPU
		{32DEEFC7-662A-4DA7-97EB-56A17F99453C}.Release|Any CPU.ActiveCfg = Release|Any CPU
		{32DEEFC7-662A-4DA7-97EB-56A17F99453C}.Release|Any CPU.Build.0 = Release|Any CPU
	EndGlobalSection
	GlobalSection(SolutionProperties) = preSolution
		HideSolutionNode = FALSE
	EndGlobalSection
	GlobalSection(ExtensibilityGlobals) = postSolution
		SolutionGuid = {79EC0C56-B965-4F9B-9577-1505DD455CE7}
	EndGlobalSection
EndGlobal
