
Microsoft Visual Studio Solution File, Format Version 12.00
# Visual Studio Version 16
VisualStudioVersion = 16.0.30413.136
MinimumVisualStudioVersion = 10.0.40219.1
Project("{FAE04EC0-301F-11D3-BF4B-00C04F79EFBC}") = "Lab16", "Lab16.csproj", "{7FC18FAA-D803-49B6-AD8A-DB11E6CE6756}"
EndProject
Global
	GlobalSection(SolutionConfigurationPlatforms) = preSolution
		Debug|Any CPU = Debug|Any CPU
		Release|Any CPU = Release|Any CPU
	EndGlobalSection
	GlobalSection(ProjectConfigurationPlatforms) = postSolution
		{7FC18FAA-D803-49B6-AD8A-DB11E6CE6756}.Debug|Any CPU.ActiveCfg = Debug|Any CPU
		{7FC18FAA-D803-49B6-AD8A-DB11E6CE6756}.Debug|Any CPU.Build.0 = Debug|Any CPU
		{7FC18FAA-D803-49B6-AD8A-DB11E6CE6756}.Release|Any CPU.ActiveCfg = Release|Any CPU
		{7FC18FAA-D803-49B6-AD8A-DB11E6CE6756}.Release|Any CPU.Build.0 = Release|Any CPU
	EndGlobalSection
	GlobalSection(SolutionProperties) = preSolution
		HideSolutionNode = FALSE
	EndGlobalSection
	GlobalSection(ExtensibilityGlobals) = postSolution
		SolutionGuid = {3F0517DA-24A2-40B8-B175-D4226DDEBE65}
	EndGlobalSection
EndGlobal
