
Microsoft Visual Studio Solution File, Format Version 12.00
# Visual Studio Version 16
VisualStudioVersion = 16.0.30413.136
MinimumVisualStudioVersion = 10.0.40219.1
Project("{FAE04EC0-301F-11D3-BF4B-00C04F79EFBC}") = "Lab14", "Lab14.csproj", "{6BE25724-0BF3-494B-B32B-9CD7BA6FFBC0}"
EndProject
Global
	GlobalSection(SolutionConfigurationPlatforms) = preSolution
		Debug|Any CPU = Debug|Any CPU
		Release|Any CPU = Release|Any CPU
	EndGlobalSection
	GlobalSection(ProjectConfigurationPlatforms) = postSolution
		{6BE25724-0BF3-494B-B32B-9CD7BA6FFBC0}.Debug|Any CPU.ActiveCfg = Debug|Any CPU
		{6BE25724-0BF3-494B-B32B-9CD7BA6FFBC0}.Debug|Any CPU.Build.0 = Debug|Any CPU
		{6BE25724-0BF3-494B-B32B-9CD7BA6FFBC0}.Release|Any CPU.ActiveCfg = Release|Any CPU
		{6BE25724-0BF3-494B-B32B-9CD7BA6FFBC0}.Release|Any CPU.Build.0 = Release|Any CPU
	EndGlobalSection
	GlobalSection(SolutionProperties) = preSolution
		HideSolutionNode = FALSE
	EndGlobalSection
	GlobalSection(ExtensibilityGlobals) = postSolution
		SolutionGuid = {2FA59E8A-CDAB-48B1-9C2C-FE1482528A0D}
	EndGlobalSection
EndGlobal
