
Microsoft Visual Studio Solution File, Format Version 12.00
# Visual Studio Version 16
VisualStudioVersion = 16.0.30413.136
MinimumVisualStudioVersion = 10.0.40219.1
Project("{FAE04EC0-301F-11D3-BF4B-00C04F79EFBC}") = "Lab8", "Lab8.csproj", "{6AC2B2B8-4CA9-4DB2-98D1-6E12C56087D4}"
EndProject
Global
	GlobalSection(SolutionConfigurationPlatforms) = preSolution
		Debug|Any CPU = Debug|Any CPU
		Release|Any CPU = Release|Any CPU
	EndGlobalSection
	GlobalSection(ProjectConfigurationPlatforms) = postSolution
		{6AC2B2B8-4CA9-4DB2-98D1-6E12C56087D4}.Debug|Any CPU.ActiveCfg = Debug|Any CPU
		{6AC2B2B8-4CA9-4DB2-98D1-6E12C56087D4}.Debug|Any CPU.Build.0 = Debug|Any CPU
		{6AC2B2B8-4CA9-4DB2-98D1-6E12C56087D4}.Release|Any CPU.ActiveCfg = Release|Any CPU
		{6AC2B2B8-4CA9-4DB2-98D1-6E12C56087D4}.Release|Any CPU.Build.0 = Release|Any CPU
	EndGlobalSection
	GlobalSection(SolutionProperties) = preSolution
		HideSolutionNode = FALSE
	EndGlobalSection
	GlobalSection(ExtensibilityGlobals) = postSolution
		SolutionGuid = {16382A5F-25C9-4495-8487-045D5AFBBA96}
	EndGlobalSection
EndGlobal
