
Microsoft Visual Studio Solution File, Format Version 12.00
# Visual Studio Version 16
VisualStudioVersion = 16.0.30413.136
MinimumVisualStudioVersion = 10.0.40219.1
Project("{FAE04EC0-301F-11D3-BF4B-00C04F79EFBC}") = "Lab13", "Lab13.csproj", "{4E991C84-924D-4D4F-98C9-2E03F3E2C0C6}"
EndProject
Global
	GlobalSection(SolutionConfigurationPlatforms) = preSolution
		Debug|Any CPU = Debug|Any CPU
		Release|Any CPU = Release|Any CPU
	EndGlobalSection
	GlobalSection(ProjectConfigurationPlatforms) = postSolution
		{4E991C84-924D-4D4F-98C9-2E03F3E2C0C6}.Debug|Any CPU.ActiveCfg = Debug|Any CPU
		{4E991C84-924D-4D4F-98C9-2E03F3E2C0C6}.Debug|Any CPU.Build.0 = Debug|Any CPU
		{4E991C84-924D-4D4F-98C9-2E03F3E2C0C6}.Release|Any CPU.ActiveCfg = Release|Any CPU
		{4E991C84-924D-4D4F-98C9-2E03F3E2C0C6}.Release|Any CPU.Build.0 = Release|Any CPU
	EndGlobalSection
	GlobalSection(SolutionProperties) = preSolution
		HideSolutionNode = FALSE
	EndGlobalSection
	GlobalSection(ExtensibilityGlobals) = postSolution
		SolutionGuid = {8BFDD593-D6D5-454B-8914-59F0A9CF29B8}
	EndGlobalSection
EndGlobal
